// !$*UTF8*$!
{
	archiveVersion = 1;
	classes = {
	};
	objectVersion = 56;
	objects = {

/* Begin PBXBuildFile section */
		0220C41429B721B90047718E /* CodeableBootcamp.swift in Sources */ = {isa = PBXBuildFile; fileRef = 0220C41329B721B90047718E /* CodeableBootcamp.swift */; };
		0220C41729B731D90047718E /* DownloadWithEscaping.swift in Sources */ = {isa = PBXBuildFile; fileRef = 0220C41629B731D90047718E /* DownloadWithEscaping.swift */; };
		0220C41929B740380047718E /* DownloadWithCombine.swift in Sources */ = {isa = PBXBuildFile; fileRef = 0220C41829B740380047718E /* DownloadWithCombine.swift */; };
		026A0A1929C04B8900F69C52 /* TabBarBootcamp.swift in Sources */ = {isa = PBXBuildFile; fileRef = 026A0A1829C04B8900F69C52 /* TabBarBootcamp.swift */; };
		027D422029BEF64C00B6168E /* DragGestureBootcamp.swift in Sources */ = {isa = PBXBuildFile; fileRef = 027D421F29BEF64C00B6168E /* DragGestureBootcamp.swift */; };
		027D422229BEFBF800B6168E /* TabViewBootcamp.swift in Sources */ = {isa = PBXBuildFile; fileRef = 027D422129BEFBF800B6168E /* TabViewBootcamp.swift */; };
		027D422429BF0A1A00B6168E /* CustomTabViewBootcamp2.swift in Sources */ = {isa = PBXBuildFile; fileRef = 027D422329BF0A1A00B6168E /* CustomTabViewBootcamp2.swift */; };
		027D422829BF37C100B6168E /* SlideMenuBootcamp.swift in Sources */ = {isa = PBXBuildFile; fileRef = 027D422729BF37C100B6168E /* SlideMenuBootcamp.swift */; };
		02BFDA0929B4989F001B3732 /* SwiftUiCookBookApp.swift in Sources */ = {isa = PBXBuildFile; fileRef = 02BFDA0829B4989F001B3732 /* SwiftUiCookBookApp.swift */; };
		02BFDA0B29B4989F001B3732 /* ContentView.swift in Sources */ = {isa = PBXBuildFile; fileRef = 02BFDA0A29B4989F001B3732 /* ContentView.swift */; };
		02BFDA0D29B498A0001B3732 /* Assets.xcassets in Resources */ = {isa = PBXBuildFile; fileRef = 02BFDA0C29B498A0001B3732 /* Assets.xcassets */; };
		02BFDA1029B498A0001B3732 /* Preview Assets.xcassets in Resources */ = {isa = PBXBuildFile; fileRef = 02BFDA0F29B498A0001B3732 /* Preview Assets.xcassets */; };
		02BFDA1829B49998001B3732 /* StateBootmcamp.swift in Sources */ = {isa = PBXBuildFile; fileRef = 02BFDA1729B49998001B3732 /* StateBootmcamp.swift */; };
		02BFDA1A29B4A0A6001B3732 /* BindingBootcamp.swift in Sources */ = {isa = PBXBuildFile; fileRef = 02BFDA1929B4A0A6001B3732 /* BindingBootcamp.swift */; };
		02BFDA1E29B4AD76001B3732 /* ObsevableAndStateObjectBootcamp.swift in Sources */ = {isa = PBXBuildFile; fileRef = 02BFDA1D29B4AD76001B3732 /* ObsevableAndStateObjectBootcamp.swift */; };
		02BFDA2229B50C67001B3732 /* EnvironmentObjectBootcamp.swift in Sources */ = {isa = PBXBuildFile; fileRef = 02BFDA2129B50C67001B3732 /* EnvironmentObjectBootcamp.swift */; };
		02D0AC9D29B5C68900AAC1EE /* WeakSelfBootcamp.swift in Sources */ = {isa = PBXBuildFile; fileRef = 02D0AC9C29B5C68900AAC1EE /* WeakSelfBootcamp.swift */; };
		02D0AC9F29B5E58800AAC1EE /* IndentifiableBootmcamp.swift in Sources */ = {isa = PBXBuildFile; fileRef = 02D0AC9E29B5E58800AAC1EE /* IndentifiableBootmcamp.swift */; };
		02D0ACA129B5F16100AAC1EE /* EscapingBootcamp.swift in Sources */ = {isa = PBXBuildFile; fileRef = 02D0ACA029B5F16100AAC1EE /* EscapingBootcamp.swift */; };
		02DF960029BDB77900ECCD00 /* BottomSheetBootcamp.swift in Sources */ = {isa = PBXBuildFile; fileRef = 02DF95FF29BDB77900ECCD00 /* BottomSheetBootcamp.swift */; };
		02DF960229BDCCE100ECCD00 /* CustomizeSheetBootcamp.swift in Sources */ = {isa = PBXBuildFile; fileRef = 02DF960129BDCCE100ECCD00 /* CustomizeSheetBootcamp.swift */; };
		02DF960529BDD19E00ECCD00 /* BottomSheetBG.swift in Sources */ = {isa = PBXBuildFile; fileRef = 02DF960429BDD19E00ECCD00 /* BottomSheetBG.swift */; };
		02ED102429B9C5D1007F9803 /* ButtonBootcamp.swift in Sources */ = {isa = PBXBuildFile; fileRef = 02ED102329B9C5D1007F9803 /* ButtonBootcamp.swift */; };
		02ED102629B9DEB5007F9803 /* TextFiledBootcamp.swift in Sources */ = {isa = PBXBuildFile; fileRef = 02ED102529B9DEB5007F9803 /* TextFiledBootcamp.swift */; };
/* End PBXBuildFile section */

/* Begin PBXFileReference section */
		0220C41329B721B90047718E /* CodeableBootcamp.swift */ = {isa = PBXFileReference; lastKnownFileType = sourcecode.swift; path = CodeableBootcamp.swift; sourceTree = "<group>"; };
		0220C41629B731D90047718E /* DownloadWithEscaping.swift */ = {isa = PBXFileReference; lastKnownFileType = sourcecode.swift; path = DownloadWithEscaping.swift; sourceTree = "<group>"; };
		0220C41829B740380047718E /* DownloadWithCombine.swift */ = {isa = PBXFileReference; lastKnownFileType = sourcecode.swift; path = DownloadWithCombine.swift; sourceTree = "<group>"; };
		026A0A1829C04B8900F69C52 /* TabBarBootcamp.swift */ = {isa = PBXFileReference; lastKnownFileType = sourcecode.swift; path = TabBarBootcamp.swift; sourceTree = "<group>"; };
		027D421F29BEF64C00B6168E /* DragGestureBootcamp.swift */ = {isa = PBXFileReference; lastKnownFileType = sourcecode.swift; path = DragGestureBootcamp.swift; sourceTree = "<group>"; };
		027D422129BEFBF800B6168E /* TabViewBootcamp.swift */ = {isa = PBXFileReference; lastKnownFileType = sourcecode.swift; path = TabViewBootcamp.swift; sourceTree = "<group>"; };
		027D422329BF0A1A00B6168E /* CustomTabViewBootcamp2.swift */ = {isa = PBXFileReference; lastKnownFileType = sourcecode.swift; path = CustomTabViewBootcamp2.swift; sourceTree = "<group>"; };
		027D422729BF37C100B6168E /* SlideMenuBootcamp.swift */ = {isa = PBXFileReference; lastKnownFileType = sourcecode.swift; path = SlideMenuBootcamp.swift; sourceTree = "<group>"; };
		02BFDA0529B4989F001B3732 /* SwiftUiCookBook.app */ = {isa = PBXFileReference; explicitFileType = wrapper.application; includeInIndex = 0; path = SwiftUiCookBook.app; sourceTree = BUILT_PRODUCTS_DIR; };
		02BFDA0829B4989F001B3732 /* SwiftUiCookBookApp.swift */ = {isa = PBXFileReference; lastKnownFileType = sourcecode.swift; path = SwiftUiCookBookApp.swift; sourceTree = "<group>"; };
		02BFDA0A29B4989F001B3732 /* ContentView.swift */ = {isa = PBXFileReference; lastKnownFileType = sourcecode.swift; path = ContentView.swift; sourceTree = "<group>"; };
		02BFDA0C29B498A0001B3732 /* Assets.xcassets */ = {isa = PBXFileReference; lastKnownFileType = folder.assetcatalog; path = Assets.xcassets; sourceTree = "<group>"; };
		02BFDA0F29B498A0001B3732 /* Preview Assets.xcassets */ = {isa = PBXFileReference; lastKnownFileType = folder.assetcatalog; path = "Preview Assets.xcassets"; sourceTree = "<group>"; };
		02BFDA1729B49998001B3732 /* StateBootmcamp.swift */ = {isa = PBXFileReference; lastKnownFileType = sourcecode.swift; path = StateBootmcamp.swift; sourceTree = "<group>"; };
		02BFDA1929B4A0A6001B3732 /* BindingBootcamp.swift */ = {isa = PBXFileReference; lastKnownFileType = sourcecode.swift; path = BindingBootcamp.swift; sourceTree = "<group>"; };
		02BFDA1D29B4AD76001B3732 /* ObsevableAndStateObjectBootcamp.swift */ = {isa = PBXFileReference; lastKnownFileType = sourcecode.swift; path = ObsevableAndStateObjectBootcamp.swift; sourceTree = "<group>"; };
		02BFDA2129B50C67001B3732 /* EnvironmentObjectBootcamp.swift */ = {isa = PBXFileReference; lastKnownFileType = sourcecode.swift; path = EnvironmentObjectBootcamp.swift; sourceTree = "<group>"; };
		02D0AC9C29B5C68900AAC1EE /* WeakSelfBootcamp.swift */ = {isa = PBXFileReference; lastKnownFileType = sourcecode.swift; path = WeakSelfBootcamp.swift; sourceTree = "<group>"; };
		02D0AC9E29B5E58800AAC1EE /* IndentifiableBootmcamp.swift */ = {isa = PBXFileReference; lastKnownFileType = sourcecode.swift; path = IndentifiableBootmcamp.swift; sourceTree = "<group>"; };
		02D0ACA029B5F16100AAC1EE /* EscapingBootcamp.swift */ = {isa = PBXFileReference; lastKnownFileType = sourcecode.swift; path = EscapingBootcamp.swift; sourceTree = "<group>"; };
		02DF95FF29BDB77900ECCD00 /* BottomSheetBootcamp.swift */ = {isa = PBXFileReference; lastKnownFileType = sourcecode.swift; path = BottomSheetBootcamp.swift; sourceTree = "<group>"; };
		02DF960129BDCCE100ECCD00 /* CustomizeSheetBootcamp.swift */ = {isa = PBXFileReference; lastKnownFileType = sourcecode.swift; path = CustomizeSheetBootcamp.swift; sourceTree = "<group>"; };
		02DF960429BDD19E00ECCD00 /* BottomSheetBG.swift */ = {isa = PBXFileReference; lastKnownFileType = sourcecode.swift; path = BottomSheetBG.swift; sourceTree = "<group>"; };
		02ED102329B9C5D1007F9803 /* ButtonBootcamp.swift */ = {isa = PBXFileReference; lastKnownFileType = sourcecode.swift; path = ButtonBootcamp.swift; sourceTree = "<group>"; };
		02ED102529B9DEB5007F9803 /* TextFiledBootcamp.swift */ = {isa = PBXFileReference; lastKnownFileType = sourcecode.swift; path = TextFiledBootcamp.swift; sourceTree = "<group>"; };
/* End PBXFileReference section */

/* Begin PBXFrameworksBuildPhase section */
		02BFDA0229B4989F001B3732 /* Frameworks */ = {
			isa = PBXFrameworksBuildPhase;
			buildActionMask = 2147483647;
			files = (
			);
			runOnlyForDeploymentPostprocessing = 0;
		};
/* End PBXFrameworksBuildPhase section */

/* Begin PBXGroup section */
		0220C41529B731780047718E /* URLSession */ = {
			isa = PBXGroup;
			children = (
				0220C41629B731D90047718E /* DownloadWithEscaping.swift */,
				0220C41829B740380047718E /* DownloadWithCombine.swift */,
			);
			path = URLSession;
			sourceTree = "<group>";
		};
		02BFD9FC29B4989F001B3732 = {
			isa = PBXGroup;
			children = (
				02BFDA0729B4989F001B3732 /* SwiftUiCookBook */,
				02BFDA0629B4989F001B3732 /* Products */,
			);
			sourceTree = "<group>";
		};
		02BFDA0629B4989F001B3732 /* Products */ = {
			isa = PBXGroup;
			children = (
				02BFDA0529B4989F001B3732 /* SwiftUiCookBook.app */,
			);
			name = Products;
			sourceTree = "<group>";
		};
		02BFDA0729B4989F001B3732 /* SwiftUiCookBook */ = {
			isa = PBXGroup;
			children = (
				02BFDA1629B49948001B3732 /* Core */,
				02BFDA0C29B498A0001B3732 /* Assets.xcassets */,
				02BFDA0E29B498A0001B3732 /* Preview Content */,
				0220C41529B731780047718E /* URLSession */,
				02ED102229B9C5B5007F9803 /* SwiftUI */,
				02DF960329BDD13600ECCD00 /* Sheet */,
				02BFDA1729B49998001B3732 /* StateBootmcamp.swift */,
				02BFDA1929B4A0A6001B3732 /* BindingBootcamp.swift */,
				02BFDA1D29B4AD76001B3732 /* ObsevableAndStateObjectBootcamp.swift */,
				02BFDA2129B50C67001B3732 /* EnvironmentObjectBootcamp.swift */,
				02D0AC9C29B5C68900AAC1EE /* WeakSelfBootcamp.swift */,
				02D0AC9E29B5E58800AAC1EE /* IndentifiableBootmcamp.swift */,
				02D0ACA029B5F16100AAC1EE /* EscapingBootcamp.swift */,
				0220C41329B721B90047718E /* CodeableBootcamp.swift */,
			);
			path = SwiftUiCookBook;
			sourceTree = "<group>";
		};
		02BFDA0E29B498A0001B3732 /* Preview Content */ = {
			isa = PBXGroup;
			children = (
				02BFDA0F29B498A0001B3732 /* Preview Assets.xcassets */,
			);
			path = "Preview Content";
			sourceTree = "<group>";
		};
		02BFDA1629B49948001B3732 /* Core */ = {
			isa = PBXGroup;
			children = (
				02BFDA0829B4989F001B3732 /* SwiftUiCookBookApp.swift */,
				02BFDA0A29B4989F001B3732 /* ContentView.swift */,
			);
			path = Core;
			sourceTree = "<group>";
		};
		02DF960329BDD13600ECCD00 /* Sheet */ = {
			isa = PBXGroup;
			children = (
				02DF95FF29BDB77900ECCD00 /* BottomSheetBootcamp.swift */,
				02DF960129BDCCE100ECCD00 /* CustomizeSheetBootcamp.swift */,
				02DF960429BDD19E00ECCD00 /* BottomSheetBG.swift */,
			);
			path = Sheet;
			sourceTree = "<group>";
		};
		02ED102229B9C5B5007F9803 /* SwiftUI */ = {
			isa = PBXGroup;
			children = (
				02ED102329B9C5D1007F9803 /* ButtonBootcamp.swift */,
				02ED102529B9DEB5007F9803 /* TextFiledBootcamp.swift */,
				027D421F29BEF64C00B6168E /* DragGestureBootcamp.swift */,
				027D422129BEFBF800B6168E /* TabViewBootcamp.swift */,
				027D422329BF0A1A00B6168E /* CustomTabViewBootcamp2.swift */,
				027D422729BF37C100B6168E /* SlideMenuBootcamp.swift */,
				026A0A1829C04B8900F69C52 /* TabBarBootcamp.swift */,
			);
			path = SwiftUI;
			sourceTree = "<group>";
		};
/* End PBXGroup section */

/* Begin PBXNativeTarget section */
		02BFDA0429B4989F001B3732 /* SwiftUiCookBook */ = {
			isa = PBXNativeTarget;
			buildConfigurationList = 02BFDA1329B498A0001B3732 /* Build configuration list for PBXNativeTarget "SwiftUiCookBook" */;
			buildPhases = (
				02BFDA0129B4989F001B3732 /* Sources */,
				02BFDA0229B4989F001B3732 /* Frameworks */,
				02BFDA0329B4989F001B3732 /* Resources */,
			);
			buildRules = (
			);
			dependencies = (
			);
			name = SwiftUiCookBook;
			productName = SwiftUiCookBook;
			productReference = 02BFDA0529B4989F001B3732 /* SwiftUiCookBook.app */;
			productType = "com.apple.product-type.application";
		};
/* End PBXNativeTarget section */

/* Begin PBXProject section */
		02BFD9FD29B4989F001B3732 /* Project object */ = {
			isa = PBXProject;
			attributes = {
				BuildIndependentTargetsInParallel = 1;
				LastSwiftUpdateCheck = 1420;
				LastUpgradeCheck = 1420;
				TargetAttributes = {
					02BFDA0429B4989F001B3732 = {
						CreatedOnToolsVersion = 14.2;
					};
				};
			};
			buildConfigurationList = 02BFDA0029B4989F001B3732 /* Build configuration list for PBXProject "SwiftUiCookBook" */;
			compatibilityVersion = "Xcode 14.0";
			developmentRegion = en;
			hasScannedForEncodings = 0;
			knownRegions = (
				en,
				Base,
			);
			mainGroup = 02BFD9FC29B4989F001B3732;
			productRefGroup = 02BFDA0629B4989F001B3732 /* Products */;
			projectDirPath = "";
			projectRoot = "";
			targets = (
				02BFDA0429B4989F001B3732 /* SwiftUiCookBook */,
			);
		};
/* End PBXProject section */

/* Begin PBXResourcesBuildPhase section */
		02BFDA0329B4989F001B3732 /* Resources */ = {
			isa = PBXResourcesBuildPhase;
			buildActionMask = 2147483647;
			files = (
				02BFDA1029B498A0001B3732 /* Preview Assets.xcassets in Resources */,
				02BFDA0D29B498A0001B3732 /* Assets.xcassets in Resources */,
			);
			runOnlyForDeploymentPostprocessing = 0;
		};
/* End PBXResourcesBuildPhase section */

/* Begin PBXSourcesBuildPhase section */
		02BFDA0129B4989F001B3732 /* Sources */ = {
			isa = PBXSourcesBuildPhase;
			buildActionMask = 2147483647;
			files = (
				027D422029BEF64C00B6168E /* DragGestureBootcamp.swift in Sources */,
				02BFDA1A29B4A0A6001B3732 /* BindingBootcamp.swift in Sources */,
				026A0A1929C04B8900F69C52 /* TabBarBootcamp.swift in Sources */,
				0220C41429B721B90047718E /* CodeableBootcamp.swift in Sources */,
				02ED102629B9DEB5007F9803 /* TextFiledBootcamp.swift in Sources */,
				02BFDA0B29B4989F001B3732 /* ContentView.swift in Sources */,
				027D422829BF37C100B6168E /* SlideMenuBootcamp.swift in Sources */,
				02DF960529BDD19E00ECCD00 /* BottomSheetBG.swift in Sources */,
				027D422429BF0A1A00B6168E /* CustomTabViewBootcamp2.swift in Sources */,
				02BFDA1829B49998001B3732 /* StateBootmcamp.swift in Sources */,
				02BFDA0929B4989F001B3732 /* SwiftUiCookBookApp.swift in Sources */,
				02ED102429B9C5D1007F9803 /* ButtonBootcamp.swift in Sources */,
				0220C41929B740380047718E /* DownloadWithCombine.swift in Sources */,
				02DF960229BDCCE100ECCD00 /* CustomizeSheetBootcamp.swift in Sources */,
				02DF960029BDB77900ECCD00 /* BottomSheetBootcamp.swift in Sources */,
				0220C41729B731D90047718E /* DownloadWithEscaping.swift in Sources */,
				02BFDA1E29B4AD76001B3732 /* ObsevableAndStateObjectBootcamp.swift in Sources */,
				02D0AC9D29B5C68900AAC1EE /* WeakSelfBootcamp.swift in Sources */,
				02D0ACA129B5F16100AAC1EE /* EscapingBootcamp.swift in Sources */,
				02BFDA2229B50C67001B3732 /* EnvironmentObjectBootcamp.swift in Sources */,
				027D422229BEFBF800B6168E /* TabViewBootcamp.swift in Sources */,
				02D0AC9F29B5E58800AAC1EE /* IndentifiableBootmcamp.swift in Sources */,
			);
			runOnlyForDeploymentPostprocessing = 0;
		};
/* End PBXSourcesBuildPhase section */

/* Begin XCBuildConfiguration section */
		02BFDA1129B498A0001B3732 /* Debug */ = {
			isa = XCBuildConfiguration;
			buildSettings = {
				ALWAYS_SEARCH_USER_PATHS = NO;
				CLANG_ANALYZER_NONNULL = YES;
				CLANG_ANALYZER_NUMBER_OBJECT_CONVERSION = YES_AGGRESSIVE;
				CLANG_CXX_LANGUAGE_STANDARD = "gnu++20";
				CLANG_ENABLE_MODULES = YES;
				CLANG_ENABLE_OBJC_ARC = YES;
				CLANG_ENABLE_OBJC_WEAK = YES;
				CLANG_WARN_BLOCK_CAPTURE_AUTORELEASING = YES;
				CLANG_WARN_BOOL_CONVERSION = YES;
				CLANG_WARN_COMMA = YES;
				CLANG_WARN_CONSTANT_CONVERSION = YES;
				CLANG_WARN_DEPRECATED_OBJC_IMPLEMENTATIONS = YES;
				CLANG_WARN_DIRECT_OBJC_ISA_USAGE = YES_ERROR;
				CLANG_WARN_DOCUMENTATION_COMMENTS = YES;
				CLANG_WARN_EMPTY_BODY = YES;
				CLANG_WARN_ENUM_CONVERSION = YES;
				CLANG_WARN_INFINITE_RECURSION = YES;
				CLANG_WARN_INT_CONVERSION = YES;
				CLANG_WARN_NON_LITERAL_NULL_CONVERSION = YES;
				CLANG_WARN_OBJC_IMPLICIT_RETAIN_SELF = YES;
				CLANG_WARN_OBJC_LITERAL_CONVERSION = YES;
				CLANG_WARN_OBJC_ROOT_CLASS = YES_ERROR;
				CLANG_WARN_QUOTED_INCLUDE_IN_FRAMEWORK_HEADER = YES;
				CLANG_WARN_RANGE_LOOP_ANALYSIS = YES;
				CLANG_WARN_STRICT_PROTOTYPES = YES;
				CLANG_WARN_SUSPICIOUS_MOVE = YES;
				CLANG_WARN_UNGUARDED_AVAILABILITY = YES_AGGRESSIVE;
				CLANG_WARN_UNREACHABLE_CODE = YES;
				CLANG_WARN__DUPLICATE_METHOD_MATCH = YES;
				COPY_PHASE_STRIP = NO;
				DEBUG_INFORMATION_FORMAT = dwarf;
				ENABLE_STRICT_OBJC_MSGSEND = YES;
				ENABLE_TESTABILITY = YES;
				GCC_C_LANGUAGE_STANDARD = gnu11;
				GCC_DYNAMIC_NO_PIC = NO;
				GCC_NO_COMMON_BLOCKS = YES;
				GCC_OPTIMIZATION_LEVEL = 0;
				GCC_PREPROCESSOR_DEFINITIONS = (
					"DEBUG=1",
					"$(inherited)",
				);
				GCC_WARN_64_TO_32_BIT_CONVERSION = YES;
				GCC_WARN_ABOUT_RETURN_TYPE = YES_ERROR;
				GCC_WARN_UNDECLARED_SELECTOR = YES;
				GCC_WARN_UNINITIALIZED_AUTOS = YES_AGGRESSIVE;
				GCC_WARN_UNUSED_FUNCTION = YES;
				GCC_WARN_UNUSED_VARIABLE = YES;
				IPHONEOS_DEPLOYMENT_TARGET = 16.2;
				MTL_ENABLE_DEBUG_INFO = INCLUDE_SOURCE;
				MTL_FAST_MATH = YES;
				ONLY_ACTIVE_ARCH = YES;
				SDKROOT = iphoneos;
				SWIFT_ACTIVE_COMPILATION_CONDITIONS = DEBUG;
				SWIFT_OPTIMIZATION_LEVEL = "-Onone";
			};
			name = Debug;
		};
		02BFDA1229B498A0001B3732 /* Release */ = {
			isa = XCBuildConfiguration;
			buildSettings = {
				ALWAYS_SEARCH_USER_PATHS = NO;
				CLANG_ANALYZER_NONNULL = YES;
				CLANG_ANALYZER_NUMBER_OBJECT_CONVERSION = YES_AGGRESSIVE;
				CLANG_CXX_LANGUAGE_STANDARD = "gnu++20";
				CLANG_ENABLE_MODULES = YES;
				CLANG_ENABLE_OBJC_ARC = YES;
				CLANG_ENABLE_OBJC_WEAK = YES;
				CLANG_WARN_BLOCK_CAPTURE_AUTORELEASING = YES;
				CLANG_WARN_BOOL_CONVERSION = YES;
				CLANG_WARN_COMMA = YES;
				CLANG_WARN_CONSTANT_CONVERSION = YES;
				CLANG_WARN_DEPRECATED_OBJC_IMPLEMENTATIONS = YES;
				CLANG_WARN_DIRECT_OBJC_ISA_USAGE = YES_ERROR;
				CLANG_WARN_DOCUMENTATION_COMMENTS = YES;
				CLANG_WARN_EMPTY_BODY = YES;
				CLANG_WARN_ENUM_CONVERSION = YES;
				CLANG_WARN_INFINITE_RECURSION = YES;
				CLANG_WARN_INT_CONVERSION = YES;
				CLANG_WARN_NON_LITERAL_NULL_CONVERSION = YES;
				CLANG_WARN_OBJC_IMPLICIT_RETAIN_SELF = YES;
				CLANG_WARN_OBJC_LITERAL_CONVERSION = YES;
				CLANG_WARN_OBJC_ROOT_CLASS = YES_ERROR;
				CLANG_WARN_QUOTED_INCLUDE_IN_FRAMEWORK_HEADER = YES;
				CLANG_WARN_RANGE_LOOP_ANALYSIS = YES;
				CLANG_WARN_STRICT_PROTOTYPES = YES;
				CLANG_WARN_SUSPICIOUS_MOVE = YES;
				CLANG_WARN_UNGUARDED_AVAILABILITY = YES_AGGRESSIVE;
				CLANG_WARN_UNREACHABLE_CODE = YES;
				CLANG_WARN__DUPLICATE_METHOD_MATCH = YES;
				COPY_PHASE_STRIP = NO;
				DEBUG_INFORMATION_FORMAT = "dwarf-with-dsym";
				ENABLE_NS_ASSERTIONS = NO;
				ENABLE_STRICT_OBJC_MSGSEND = YES;
				GCC_C_LANGUAGE_STANDARD = gnu11;
				GCC_NO_COMMON_BLOCKS = YES;
				GCC_WARN_64_TO_32_BIT_CONVERSION = YES;
				GCC_WARN_ABOUT_RETURN_TYPE = YES_ERROR;
				GCC_WARN_UNDECLARED_SELECTOR = YES;
				GCC_WARN_UNINITIALIZED_AUTOS = YES_AGGRESSIVE;
				GCC_WARN_UNUSED_FUNCTION = YES;
				GCC_WARN_UNUSED_VARIABLE = YES;
				IPHONEOS_DEPLOYMENT_TARGET = 16.2;
				MTL_ENABLE_DEBUG_INFO = NO;
				MTL_FAST_MATH = YES;
				SDKROOT = iphoneos;
				SWIFT_COMPILATION_MODE = wholemodule;
				SWIFT_OPTIMIZATION_LEVEL = "-O";
				VALIDATE_PRODUCT = YES;
			};
			name = Release;
		};
		02BFDA1429B498A0001B3732 /* Debug */ = {
			isa = XCBuildConfiguration;
			buildSettings = {
				ASSETCATALOG_COMPILER_APPICON_NAME = AppIcon;
				ASSETCATALOG_COMPILER_GLOBAL_ACCENT_COLOR_NAME = AccentColor;
				CODE_SIGN_STYLE = Automatic;
				CURRENT_PROJECT_VERSION = 1;
				DEVELOPMENT_ASSET_PATHS = "\"SwiftUiCookBook/Preview Content\"";
				ENABLE_PREVIEWS = YES;
				GENERATE_INFOPLIST_FILE = YES;
				INFOPLIST_KEY_UIApplicationSceneManifest_Generation = YES;
				INFOPLIST_KEY_UIApplicationSupportsIndirectInputEvents = YES;
				INFOPLIST_KEY_UILaunchScreen_Generation = YES;
				INFOPLIST_KEY_UISupportedInterfaceOrientations_iPad = "UIInterfaceOrientationPortrait UIInterfaceOrientationPortraitUpsideDown UIInterfaceOrientationLandscapeLeft UIInterfaceOrientationLandscapeRight";
				INFOPLIST_KEY_UISupportedInterfaceOrientations_iPhone = "UIInterfaceOrientationPortrait UIInterfaceOrientationLandscapeLeft UIInterfaceOrientationLandscapeRight";
				LD_RUNPATH_SEARCH_PATHS = (
					"$(inherited)",
					"@executable_path/Frameworks",
				);
				MARKETING_VERSION = 1.0;
				PRODUCT_BUNDLE_IDENTIFIER = com.iamkamrul.SwiftUiCookBook;
				PRODUCT_NAME = "$(TARGET_NAME)";
				SWIFT_EMIT_LOC_STRINGS = YES;
				SWIFT_VERSION = 5.0;
				TARGETED_DEVICE_FAMILY = "1,2";
			};
			name = Debug;
		};
		02BFDA1529B498A0001B3732 /* Release */ = {
			isa = XCBuildConfiguration;
			buildSettings = {
				ASSETCATALOG_COMPILER_APPICON_NAME = AppIcon;
				ASSETCATALOG_COMPILER_GLOBAL_ACCENT_COLOR_NAME = AccentColor;
				CODE_SIGN_STYLE = Automatic;
				CURRENT_PROJECT_VERSION = 1;
				DEVELOPMENT_ASSET_PATHS = "\"SwiftUiCookBook/Preview Content\"";
				ENABLE_PREVIEWS = YES;
				GENERATE_INFOPLIST_FILE = YES;
				INFOPLIST_KEY_UIApplicationSceneManifest_Generation = YES;
				INFOPLIST_KEY_UIApplicationSupportsIndirectInputEvents = YES;
				INFOPLIST_KEY_UILaunchScreen_Generation = YES;
				INFOPLIST_KEY_UISupportedInterfaceOrientations_iPad = "UIInterfaceOrientationPortrait UIInterfaceOrientationPortraitUpsideDown UIInterfaceOrientationLandscapeLeft UIInterfaceOrientationLandscapeRight";
				INFOPLIST_KEY_UISupportedInterfaceOrientations_iPhone = "UIInterfaceOrientationPortrait UIInterfaceOrientationLandscapeLeft UIInterfaceOrientationLandscapeRight";
				LD_RUNPATH_SEARCH_PATHS = (
					"$(inherited)",
					"@executable_path/Frameworks",
				);
				MARKETING_VERSION = 1.0;
				PRODUCT_BUNDLE_IDENTIFIER = com.iamkamrul.SwiftUiCookBook;
				PRODUCT_NAME = "$(TARGET_NAME)";
				SWIFT_EMIT_LOC_STRINGS = YES;
				SWIFT_VERSION = 5.0;
				TARGETED_DEVICE_FAMILY = "1,2";
			};
			name = Release;
		};
/* End XCBuildConfiguration section */

/* Begin XCConfigurationList section */
		02BFDA0029B4989F001B3732 /* Build configuration list for PBXProject "SwiftUiCookBook" */ = {
			isa = XCConfigurationList;
			buildConfigurations = (
				02BFDA1129B498A0001B3732 /* Debug */,
				02BFDA1229B498A0001B3732 /* Release */,
			);
			defaultConfigurationIsVisible = 0;
			defaultConfigurationName = Release;
		};
		02BFDA1329B498A0001B3732 /* Build configuration list for PBXNativeTarget "SwiftUiCookBook" */ = {
			isa = XCConfigurationList;
			buildConfigurations = (
				02BFDA1429B498A0001B3732 /* Debug */,
				02BFDA1529B498A0001B3732 /* Release */,
			);
			defaultConfigurationIsVisible = 0;
			defaultConfigurationName = Release;
		};
/* End XCConfigurationList section */
	};
	rootObject = 02BFD9FD29B4989F001B3732 /* Project object */;
}
